
Microsoft Visual Studio Solution File, Format Version 12.00
# Visual Studio Version 16
VisualStudioVersion = 16.0.30523.141
MinimumVisualStudioVersion = 10.0.40219.1
Project("{9A19103F-16F7-4668-BE54-9A1E7A4F7556}") = "HMS.Data", "HouseManagementSystemData\HMS.Data.csproj", "{70805145-D3F5-4B44-9052-2A3C263E7E1B}"
EndProject
Project("{9A19103F-16F7-4668-BE54-9A1E7A4F7556}") = "HMSAPI", "HouseManagementSystemAPI\HMSAPI.csproj", "{624962A6-C049-4D1C-A598-D6476E561046}"
EndProject
Project("{FAE04EC0-301F-11D3-BF4B-00C04F79EFBC}") = "HMS.Authen", "HMS.Authen\HMS.Authen.csproj", "{D7AC8950-CA89-474B-BF20-E236F178F89C}"
EndProject
Global
	GlobalSection(SolutionConfigurationPlatforms) = preSolution
		Debug|Any CPU = Debug|Any CPU
		Release|Any CPU = Release|Any CPU
	EndGlobalSection
	GlobalSection(ProjectConfigurationPlatforms) = postSolution
		{70805145-D3F5-4B44-9052-2A3C263E7E1B}.Debug|Any CPU.ActiveCfg = Debug|Any CPU
		{70805145-D3F5-4B44-9052-2A3C263E7E1B}.Debug|Any CPU.Build.0 = Debug|Any CPU
		{70805145-D3F5-4B44-9052-2A3C263E7E1B}.Release|Any CPU.ActiveCfg = Release|Any CPU
		{70805145-D3F5-4B44-9052-2A3C263E7E1B}.Release|Any CPU.Build.0 = Release|Any CPU
		{624962A6-C049-4D1C-A598-D6476E561046}.Debug|Any CPU.ActiveCfg = Debug|Any CPU
		{624962A6-C049-4D1C-A598-D6476E561046}.Debug|Any CPU.Build.0 = Debug|Any CPU
		{624962A6-C049-4D1C-A598-D6476E561046}.Release|Any CPU.ActiveCfg = Release|Any CPU
		{624962A6-C049-4D1C-A598-D6476E561046}.Release|Any CPU.Build.0 = Release|Any CPU
		{D7AC8950-CA89-474B-BF20-E236F178F89C}.Debug|Any CPU.ActiveCfg = Debug|Any CPU
		{D7AC8950-CA89-474B-BF20-E236F178F89C}.Debug|Any CPU.Build.0 = Debug|Any CPU
		{D7AC8950-CA89-474B-BF20-E236F178F89C}.Release|Any CPU.ActiveCfg = Release|Any CPU
		{D7AC8950-CA89-474B-BF20-E236F178F89C}.Release|Any CPU.Build.0 = Release|Any CPU
	EndGlobalSection
	GlobalSection(SolutionProperties) = preSolution
		HideSolutionNode = FALSE
	EndGlobalSection
	GlobalSection(ExtensibilityGlobals) = postSolution
		SolutionGuid = {E6511212-3C3A-4122-BFC1-53A179AF8117}
	EndGlobalSection
EndGlobal
